
Microsoft Visual Studio Solution File, Format Version 12.00
# Visual Studio Version 17
VisualStudioVersion = 17.7.34031.279
MinimumVisualStudioVersion = 10.0.40219.1
Project("{FAE04EC0-301F-11D3-BF4B-00C04F79EFBC}") = "efocoreApp", "efocoreApp\efocoreApp.csproj", "{4A7593B9-0DAB-4D7A-8D0E-067688757801}"
EndProject
Global
	GlobalSection(SolutionConfigurationPlatforms) = preSolution
		Debug|Any CPU = Debug|Any CPU
		Release|Any CPU = Release|Any CPU
	EndGlobalSection
	GlobalSection(ProjectConfigurationPlatforms) = postSolution
		{4A7593B9-0DAB-4D7A-8D0E-067688757801}.Debug|Any CPU.ActiveCfg = Debug|Any CPU
		{4A7593B9-0DAB-4D7A-8D0E-067688757801}.Debug|Any CPU.Build.0 = Debug|Any CPU
		{4A7593B9-0DAB-4D7A-8D0E-067688757801}.Release|Any CPU.ActiveCfg = Release|Any CPU
		{4A7593B9-0DAB-4D7A-8D0E-067688757801}.Release|Any CPU.Build.0 = Release|Any CPU
	EndGlobalSection
	GlobalSection(SolutionProperties) = preSolution
		HideSolutionNode = FALSE
	EndGlobalSection
	GlobalSection(ExtensibilityGlobals) = postSolution
		SolutionGuid = {B8776897-8158-4FF9-BC03-E41C042CF341}
	EndGlobalSection
EndGlobal
